
Microsoft Visual Studio Solution File, Format Version 12.00
# Visual Studio Version 16
VisualStudioVersion = 16.0.31624.102
MinimumVisualStudioVersion = 10.0.40219.1
Project("{FAE04EC0-301F-11D3-BF4B-00C04F79EFBC}") = "Tienda", "Tienda\Tienda.csproj", "{FB500879-5AD0-4837-A989-55128B044660}"
EndProject
Global
	GlobalSection(SolutionConfigurationPlatforms) = preSolution
		Debug|Any CPU = Debug|Any CPU
		Release|Any CPU = Release|Any CPU
	EndGlobalSection
	GlobalSection(ProjectConfigurationPlatforms) = postSolution
		{FB500879-5AD0-4837-A989-55128B044660}.Debug|Any CPU.ActiveCfg = Debug|Any CPU
		{FB500879-5AD0-4837-A989-55128B044660}.Debug|Any CPU.Build.0 = Debug|Any CPU
		{FB500879-5AD0-4837-A989-55128B044660}.Release|Any CPU.ActiveCfg = Release|Any CPU
		{FB500879-5AD0-4837-A989-55128B044660}.Release|Any CPU.Build.0 = Release|Any CPU
	EndGlobalSection
	GlobalSection(SolutionProperties) = preSolution
		HideSolutionNode = FALSE
	EndGlobalSection
	GlobalSection(ExtensibilityGlobals) = postSolution
		SolutionGuid = {C9048FC9-B403-41CA-8D4F-941A91F7938B}
	EndGlobalSection
EndGlobal
